
Microsoft Visual Studio Solution File, Format Version 12.00
# Visual Studio Version 16
VisualStudioVersion = 16.0.33529.622
MinimumVisualStudioVersion = 10.0.40219.1
Project("{FAE04EC0-301F-11D3-BF4B-00C04F79EFBC}") = "DailyReportApp", "DailyReportApp\DailyReportApp.csproj", "{EFCF2BD3-1AE0-42BB-80C8-5BB0C90B697B}"
EndProject
Global
	GlobalSection(SolutionConfigurationPlatforms) = preSolution
		Debug|Any CPU = Debug|Any CPU
		Release|Any CPU = Release|Any CPU
	EndGlobalSection
	GlobalSection(ProjectConfigurationPlatforms) = postSolution
		{EFCF2BD3-1AE0-42BB-80C8-5BB0C90B697B}.Debug|Any CPU.ActiveCfg = Debug|Any CPU
		{EFCF2BD3-1AE0-42BB-80C8-5BB0C90B697B}.Debug|Any CPU.Build.0 = Debug|Any CPU
		{EFCF2BD3-1AE0-42BB-80C8-5BB0C90B697B}.Release|Any CPU.ActiveCfg = Release|Any CPU
		{EFCF2BD3-1AE0-42BB-80C8-5BB0C90B697B}.Release|Any CPU.Build.0 = Release|Any CPU
	EndGlobalSection
	GlobalSection(SolutionProperties) = preSolution
		HideSolutionNode = FALSE
	EndGlobalSection
	GlobalSection(ExtensibilityGlobals) = postSolution
		SolutionGuid = {5034F6CC-6075-49BE-8C06-688E248FE92B}
	EndGlobalSection
EndGlobal
