
Microsoft Visual Studio Solution File, Format Version 12.00
# Visual Studio Version 16
VisualStudioVersion = 16.0.33529.622
MinimumVisualStudioVersion = 10.0.40219.1
Project("{FAE04EC0-301F-11D3-BF4B-00C04F79EFBC}") = "DateTimeAssignment", "DateTimeAssignment\DateTimeAssignment.csproj", "{75640945-9E8F-4295-8556-59980144F44E}"
EndProject
Global
	GlobalSection(SolutionConfigurationPlatforms) = preSolution
		Debug|Any CPU = Debug|Any CPU
		Release|Any CPU = Release|Any CPU
	EndGlobalSection
	GlobalSection(ProjectConfigurationPlatforms) = postSolution
		{75640945-9E8F-4295-8556-59980144F44E}.Debug|Any CPU.ActiveCfg = Debug|Any CPU
		{75640945-9E8F-4295-8556-59980144F44E}.Debug|Any CPU.Build.0 = Debug|Any CPU
		{75640945-9E8F-4295-8556-59980144F44E}.Release|Any CPU.ActiveCfg = Release|Any CPU
		{75640945-9E8F-4295-8556-59980144F44E}.Release|Any CPU.Build.0 = Release|Any CPU
	EndGlobalSection
	GlobalSection(SolutionProperties) = preSolution
		HideSolutionNode = FALSE
	EndGlobalSection
	GlobalSection(ExtensibilityGlobals) = postSolution
		SolutionGuid = {9A9EE168-24E2-4151-ADC0-696265762136}
	EndGlobalSection
EndGlobal
