
Microsoft Visual Studio Solution File, Format Version 12.00
# Visual Studio Version 16
VisualStudioVersion = 16.0.33529.622
MinimumVisualStudioVersion = 10.0.40219.1
Project("{FAE04EC0-301F-11D3-BF4B-00C04F79EFBC}") = "TwentyOneGame", "TwentyOneGame\TwentyOneGame.csproj", "{C8669FB1-F9EE-45C0-B8E4-2E4B74374842}"
EndProject
Project("{FAE04EC0-301F-11D3-BF4B-00C04F79EFBC}") = "Casino1", "Casino1\Casino1.csproj", "{10CDFE76-24AC-4F1C-B2B6-A26C930DCDA7}"
EndProject
Global
	GlobalSection(SolutionConfigurationPlatforms) = preSolution
		Debug|Any CPU = Debug|Any CPU
		Release|Any CPU = Release|Any CPU
	EndGlobalSection
	GlobalSection(ProjectConfigurationPlatforms) = postSolution
		{C8669FB1-F9EE-45C0-B8E4-2E4B74374842}.Debug|Any CPU.ActiveCfg = Debug|Any CPU
		{C8669FB1-F9EE-45C0-B8E4-2E4B74374842}.Debug|Any CPU.Build.0 = Debug|Any CPU
		{C8669FB1-F9EE-45C0-B8E4-2E4B74374842}.Release|Any CPU.ActiveCfg = Release|Any CPU
		{C8669FB1-F9EE-45C0-B8E4-2E4B74374842}.Release|Any CPU.Build.0 = Release|Any CPU
		{10CDFE76-24AC-4F1C-B2B6-A26C930DCDA7}.Debug|Any CPU.ActiveCfg = Debug|Any CPU
		{10CDFE76-24AC-4F1C-B2B6-A26C930DCDA7}.Debug|Any CPU.Build.0 = Debug|Any CPU
		{10CDFE76-24AC-4F1C-B2B6-A26C930DCDA7}.Release|Any CPU.ActiveCfg = Release|Any CPU
		{10CDFE76-24AC-4F1C-B2B6-A26C930DCDA7}.Release|Any CPU.Build.0 = Release|Any CPU
	EndGlobalSection
	GlobalSection(SolutionProperties) = preSolution
		HideSolutionNode = FALSE
	EndGlobalSection
	GlobalSection(ExtensibilityGlobals) = postSolution
		SolutionGuid = {D38D213F-429F-4102-86E1-DAF4C317B23B}
	EndGlobalSection
EndGlobal
